
Microsoft Visual Studio Solution File, Format Version 12.00
# Visual Studio Version 17
VisualStudioVersion = 17.14.36705.20 d17.14
MinimumVisualStudioVersion = 10.0.40219.1
Project("{FAE04EC0-301F-11D3-BF4B-00C04F79EFBC}") = "EFCore.Data", "EFCore.Data\EFCore.Data.csproj", "{51D37322-237F-40CE-80BC-BC7D2B33D016}"
EndProject
Project("{FAE04EC0-301F-11D3-BF4B-00C04F79EFBC}") = "EFCore.Domain", "EFCore.Domain\EFCore.Domain.csproj", "{0DB962EE-10AA-4C56-BCF0-707AD09C13E3}"
EndProject
Global
	GlobalSection(SolutionConfigurationPlatforms) = preSolution
		Debug|Any CPU = Debug|Any CPU
		Release|Any CPU = Release|Any CPU
	EndGlobalSection
	GlobalSection(ProjectConfigurationPlatforms) = postSolution
		{51D37322-237F-40CE-80BC-BC7D2B33D016}.Debug|Any CPU.ActiveCfg = Debug|Any CPU
		{51D37322-237F-40CE-80BC-BC7D2B33D016}.Debug|Any CPU.Build.0 = Debug|Any CPU
		{51D37322-237F-40CE-80BC-BC7D2B33D016}.Release|Any CPU.ActiveCfg = Release|Any CPU
		{51D37322-237F-40CE-80BC-BC7D2B33D016}.Release|Any CPU.Build.0 = Release|Any CPU
		{0DB962EE-10AA-4C56-BCF0-707AD09C13E3}.Debug|Any CPU.ActiveCfg = Debug|Any CPU
		{0DB962EE-10AA-4C56-BCF0-707AD09C13E3}.Debug|Any CPU.Build.0 = Debug|Any CPU
		{0DB962EE-10AA-4C56-BCF0-707AD09C13E3}.Release|Any CPU.ActiveCfg = Release|Any CPU
		{0DB962EE-10AA-4C56-BCF0-707AD09C13E3}.Release|Any CPU.Build.0 = Release|Any CPU
	EndGlobalSection
	GlobalSection(SolutionProperties) = preSolution
		HideSolutionNode = FALSE
	EndGlobalSection
	GlobalSection(ExtensibilityGlobals) = postSolution
		SolutionGuid = {898B410C-5D37-4C38-8BF3-A26C58391AD6}
	EndGlobalSection
EndGlobal
